<?xml version="1.0" encoding="utf-8"?>
<Project ToolsVersion="4.0" xmlns="http://schemas.microsoft.com/developer/msbuild/2003">
  <ItemGroup>
    <Filter Include="Source Files">
      <UniqueIdentifier>{4FC737F1-C7A5-4376-A066-2A32D752A2FF}</UniqueIdentifier>
      <Extensions>cpp;c;cc;cxx;def;odl;idl;hpj;bat;asm;asmx</Extensions>
    </Filter>
    <Filter Include="Header Files">
      <UniqueIdentifier>{93995380-89BD-4b04-88EB-625FBE52EBFB}</UniqueIdentifier>
      <Extensions>h;hpp;hxx;hm;inl;inc;xsd</Extensions>
    </Filter>
  </ItemGroup>
  <ItemGroup>
    <ClCompile Include="../../Lua/5.2/lapi.c">
      <Filter>Source Files</Filter>
    </ClCompile>
    <ClCompile Include="../../Lua/5.2/lauxlib.c">
      <Filter>Source Files</Filter>
    </ClCompile>
    <ClCompile Include="../../Lua/5.2/lbaselib.c">
      <Filter>Source Files</Filter>
    </ClCompile>
    <ClCompile Include="../../Lua/5.2/lbitlib.c">
      <Filter>Source Files</Filter>
    </ClCompile>
    <ClCompile Include="../../Lua/5.2/lcode.c">
      <Filter>Source Files</Filter>
    </ClCompile>
    <ClCompile Include="../../Lua/5.2/lcorolib.c">
      <Filter>Source Files</Filter>
    </ClCompile>
    <ClCompile Include="../../Lua/5.2/lctype.c">
      <Filter>Source Files</Filter>
    </ClCompile>
    <ClCompile Include="../../Lua/5.2/ldblib.c">
      <Filter>Source Files</Filter>
    </ClCompile>
    <ClCompile Include="../../Lua/5.2/ldebug.c">
      <Filter>Source Files</Filter>
    </ClCompile>
    <ClCompile Include="../../Lua/5.2/ldo.c">
      <Filter>Source Files</Filter>
    </ClCompile>
    <ClCompile Include="../../Lua/5.2/ldump.c">
      <Filter>Source Files</Filter>
    </ClCompile>
    <ClCompile Include="../../Lua/5.2/lfunc.c">
      <Filter>Source Files</Filter>
    </ClCompile>
    <ClCompile Include="../../Lua/5.2/lgc.c">
      <Filter>Source Files</Filter>
    </ClCompile>
    <ClCompile Include="../../Lua/5.2/linit.c">
      <Filter>Source Files</Filter>
    </ClCompile>
    <ClCompile Include="../../Lua/5.2/liolib.c">
      <Filter>Source Files</Filter>
    </ClCompile>
    <ClCompile Include="../../Lua/5.2/llex.c">
      <Filter>Source Files</Filter>
    </ClCompile>
    <ClCompile Include="../../Lua/5.2/lmathlib.c">
      <Filter>Source Files</Filter>
    </ClCompile>
    <ClCompile Include="../../Lua/5.2/lmem.c">
      <Filter>Source Files</Filter>
    </ClCompile>
    <ClCompile Include="../../Lua/5.2/loadlib.c">
      <Filter>Source Files</Filter>
    </ClCompile>
    <ClCompile Include="../../Lua/5.2/lobject.c">
      <Filter>Source Files</Filter>
    </ClCompile>
    <ClCompile Include="../../Lua/5.2/lopcodes.c">
      <Filter>Source Files</Filter>
    </ClCompile>
    <ClCompile Include="../../Lua/5.2/loslib.c">
      <Filter>Source Files</Filter>
    </ClCompile>
    <ClCompile Include="../../Lua/5.2/lparser.c">
      <Filter>Source Files</Filter>
    </ClCompile>
    <ClCompile Include="../../Lua/5.2/lstate.c">
      <Filter>Source Files</Filter>
    </ClCompile>
    <ClCompile Include="../../Lua/5.2/lstring.c">
      <Filter>Source Files</Filter>
    </ClCompile>
    <ClCompile Include="../../Lua/5.2/lstrlib.c">
      <Filter>Source Files</Filter>
    </ClCompile>
    <ClCompile Include="../../Lua/5.2/ltable.c">
      <Filter>Source Files</Filter>
    </ClCompile>
    <ClCompile Include="../../Lua/5.2/ltablib.c">
      <Filter>Source Files</Filter>
    </ClCompile>
    <ClCompile Include="../../Lua/5.2/ltm.c">
      <Filter>Source Files</Filter>
    </ClCompile>
    <ClCompile Include="../../Lua/5.2/lundump.c">
      <Filter>Source Files</Filter>
    </ClCompile>
    <ClCompile Include="../../Lua/5.2/lvm.c">
      <Filter>Source Files</Filter>
    </ClCompile>
    <ClCompile Include="../../Lua/5.2/lzio.c">
      <Filter>Source Files</Filter>
    </ClCompile>
  </ItemGroup>
  <ItemGroup>
    <ClInclude Include="../../Lua/5.2/lapi.h">
      <Filter>Header Files</Filter>
    </ClInclude>
    <ClInclude Include="../../Lua/5.2/lauxlib.h">
      <Filter>Header Files</Filter>
    </ClInclude>
    <ClInclude Include="../../Lua/5.2/lcode.h">
      <Filter>Header Files</Filter>
    </ClInclude>
    <ClInclude Include="../../Lua/5.2/lctype.h">
      <Filter>Header Files</Filter>
    </ClInclude>
    <ClInclude Include="../../Lua/5.2/ldebug.h">
      <Filter>Header Files</Filter>
    </ClInclude>
    <ClInclude Include="../../Lua/5.2/ldo.h">
      <Filter>Header Files</Filter>
    </ClInclude>
    <ClInclude Include="../../Lua/5.2/lfunc.h">
      <Filter>Header Files</Filter>
    </ClInclude>
    <ClInclude Include="../../Lua/5.2/lgc.h">
      <Filter>Header Files</Filter>
    </ClInclude>
    <ClInclude Include="../../Lua/5.2/llex.h">
      <Filter>Header Files</Filter>
    </ClInclude>
    <ClInclude Include="../../Lua/5.2/llimits.h">
      <Filter>Header Files</Filter>
    </ClInclude>
    <ClInclude Include="../../Lua/5.2/lmem.h">
      <Filter>Header Files</Filter>
    </ClInclude>
    <ClInclude Include="../../Lua/5.2/lobject.h">
      <Filter>Header Files</Filter>
    </ClInclude>
    <ClInclude Include="../../Lua/5.2/lopcodes.h">
      <Filter>Header Files</Filter>
    </ClInclude>
    <ClInclude Include="../../Lua/5.2/lparser.h">
      <Filter>Header Files</Filter>
    </ClInclude>
    <ClInclude Include="../../Lua/5.2/lstate.h">
      <Filter>Header Files</Filter>
    </ClInclude>
    <ClInclude Include="../../Lua/5.2/lstring.h">
      <Filter>Header Files</Filter>
    </ClInclude>
    <ClInclude Include="../../Lua/5.2/ltable.h">
      <Filter>Header Files</Filter>
    </ClInclude>
    <ClInclude Include="../../Lua/5.2/ltm.h">
      <Filter>Header Files</Filter>
    </ClInclude>
    <ClInclude Include="../../Lua/5.2/lua.h">
      <Filter>Header Files</Filter>
    </ClInclude>
    <ClInclude Include="../../Lua/5.2/lua.hpp">
      <Filter>Header Files</Filter>
    </ClInclude>
    <ClInclude Include="../../Lua/5.2/luaconf.h">
      <Filter>Header Files</Filter>
    </ClInclude>
    <ClInclude Include="../../Lua/5.2/lualib.h">
      <Filter>Header Files</Filter>
    </ClInclude>
    <ClInclude Include="../../Lua/5.2/lundump.h">
      <Filter>Header Files</Filter>
    </ClInclude>
    <ClInclude Include="../../Lua/5.2/lvm.h">
      <Filter>Header Files</Filter>
    </ClInclude>
    <ClInclude Include="../../Lua/5.2/lzio.h">
      <Filter>Header Files</Filter>
    </ClInclude>
  </ItemGroup>
</Project>