<?xml version="1.0" encoding="utf-8"?>
<Project ToolsVersion="4.0" xmlns="http://schemas.microsoft.com/developer/msbuild/2003">
  <ItemGroup>
    <Filter Include="OpenCL">
      <UniqueIdentifier>{b852b14d-6af6-409b-8a0a-b3f90b24f4b1}</UniqueIdentifier>
    </Filter>
    <Filter Include="OpenCL\1.0">
      <UniqueIdentifier>{1298afa6-402b-456a-8ee2-90bef7015d3c}</UniqueIdentifier>
    </Filter>
    <Filter Include="OpenCL\1.1">
      <UniqueIdentifier>{49fcf7b1-efe5-4499-9fa7-d6e6abd53f54}</UniqueIdentifier>
    </Filter>
    <Filter Include="OpenCL\1.2">
      <UniqueIdentifier>{5ffc5d4c-948d-412a-a152-491f368c1ff3}</UniqueIdentifier>
    </Filter>
  </ItemGroup>
  <ItemGroup>
    <ClCompile Include="..\LuaCL.cpp" />
  </ItemGroup>
  <ItemGroup>
    <ClInclude Include="..\OpenCL\1.0\CL\cl.h">
      <Filter>OpenCL\1.0</Filter>
    </ClInclude>
    <ClInclude Include="..\OpenCL\1.0\CL\cl_d3d10.h">
      <Filter>OpenCL\1.0</Filter>
    </ClInclude>
    <ClInclude Include="..\OpenCL\1.0\CL\cl_ext.h">
      <Filter>OpenCL\1.0</Filter>
    </ClInclude>
    <ClInclude Include="..\OpenCL\1.0\CL\cl_gl.h">
      <Filter>OpenCL\1.0</Filter>
    </ClInclude>
    <ClInclude Include="..\OpenCL\1.0\CL\cl_gl_ext.h">
      <Filter>OpenCL\1.0</Filter>
    </ClInclude>
    <ClInclude Include="..\OpenCL\1.0\CL\cl_platform.h">
      <Filter>OpenCL\1.0</Filter>
    </ClInclude>
    <ClInclude Include="..\OpenCL\1.0\CL\opencl.h">
      <Filter>OpenCL\1.0</Filter>
    </ClInclude>
    <ClInclude Include="..\OpenCL\1.1\CL\cl.h">
      <Filter>OpenCL\1.1</Filter>
    </ClInclude>
    <ClInclude Include="..\OpenCL\1.1\CL\cl_d3d10.h">
      <Filter>OpenCL\1.1</Filter>
    </ClInclude>
    <ClInclude Include="..\OpenCL\1.1\CL\cl_ext.h">
      <Filter>OpenCL\1.1</Filter>
    </ClInclude>
    <ClInclude Include="..\OpenCL\1.1\CL\cl_gl.h">
      <Filter>OpenCL\1.1</Filter>
    </ClInclude>
    <ClInclude Include="..\OpenCL\1.1\CL\cl_gl_ext.h">
      <Filter>OpenCL\1.1</Filter>
    </ClInclude>
    <ClInclude Include="..\OpenCL\1.1\CL\cl_platform.h">
      <Filter>OpenCL\1.1</Filter>
    </ClInclude>
    <ClInclude Include="..\OpenCL\1.1\CL\opencl.h">
      <Filter>OpenCL\1.1</Filter>
    </ClInclude>
    <ClInclude Include="..\OpenCL\1.2\CL\cl.h">
      <Filter>OpenCL\1.2</Filter>
    </ClInclude>
    <ClInclude Include="..\OpenCL\1.2\CL\cl_d3d10.h">
      <Filter>OpenCL\1.2</Filter>
    </ClInclude>
    <ClInclude Include="..\OpenCL\1.2\CL\cl_d3d11.h">
      <Filter>OpenCL\1.2</Filter>
    </ClInclude>
    <ClInclude Include="..\OpenCL\1.2\CL\cl_dx9_media_sharing.h">
      <Filter>OpenCL\1.2</Filter>
    </ClInclude>
    <ClInclude Include="..\OpenCL\1.2\CL\cl_ext.h">
      <Filter>OpenCL\1.2</Filter>
    </ClInclude>
    <ClInclude Include="..\OpenCL\1.2\CL\cl_gl.h">
      <Filter>OpenCL\1.2</Filter>
    </ClInclude>
    <ClInclude Include="..\OpenCL\1.2\CL\cl_gl_ext.h">
      <Filter>OpenCL\1.2</Filter>
    </ClInclude>
    <ClInclude Include="..\OpenCL\1.2\CL\cl_platform.h">
      <Filter>OpenCL\1.2</Filter>
    </ClInclude>
    <ClInclude Include="..\OpenCL\1.2\CL\opencl.h">
      <Filter>OpenCL\1.2</Filter>
    </ClInclude>
  </ItemGroup>
  <ItemGroup>
    <Library Include="..\OpenCL\1.2\lib\x86\OpenCL.lib">
      <Filter>OpenCL</Filter>
    </Library>
  </ItemGroup>
  <ItemGroup>
    <None Include="..\test.lua" />
  </ItemGroup>
</Project>